
Microsoft Visual Studio Solution File, Format Version 12.00
# Visual Studio Version 16
VisualStudioVersion = 16.0.31313.79
MinimumVisualStudioVersion = 10.0.40219.1
Project("{FAE04EC0-301F-11D3-BF4B-00C04F79EFBC}") = "BlazorWeatherAPI", "BlazorWeatherAPI\BlazorWeatherAPI.csproj", "{CA184315-716B-4AAE-9FD9-DC0A1B315A5C}"
EndProject
Project("{FAE04EC0-301F-11D3-BF4B-00C04F79EFBC}") = "WeatherAPITests", "WeatherAPITests\WeatherAPITests.csproj", "{A987D564-8BDF-4D3D-9772-46AF7C4D1BC4}"
EndProject
Global
	GlobalSection(SolutionConfigurationPlatforms) = preSolution
		Debug|Any CPU = Debug|Any CPU
		Release|Any CPU = Release|Any CPU
	EndGlobalSection
	GlobalSection(ProjectConfigurationPlatforms) = postSolution
		{CA184315-716B-4AAE-9FD9-DC0A1B315A5C}.Debug|Any CPU.ActiveCfg = Debug|Any CPU
		{CA184315-716B-4AAE-9FD9-DC0A1B315A5C}.Debug|Any CPU.Build.0 = Debug|Any CPU
		{CA184315-716B-4AAE-9FD9-DC0A1B315A5C}.Release|Any CPU.ActiveCfg = Release|Any CPU
		{CA184315-716B-4AAE-9FD9-DC0A1B315A5C}.Release|Any CPU.Build.0 = Release|Any CPU
		{A987D564-8BDF-4D3D-9772-46AF7C4D1BC4}.Debug|Any CPU.ActiveCfg = Debug|Any CPU
		{A987D564-8BDF-4D3D-9772-46AF7C4D1BC4}.Debug|Any CPU.Build.0 = Debug|Any CPU
		{A987D564-8BDF-4D3D-9772-46AF7C4D1BC4}.Release|Any CPU.ActiveCfg = Release|Any CPU
		{A987D564-8BDF-4D3D-9772-46AF7C4D1BC4}.Release|Any CPU.Build.0 = Release|Any CPU
	EndGlobalSection
	GlobalSection(SolutionProperties) = preSolution
		HideSolutionNode = FALSE
	EndGlobalSection
	GlobalSection(ExtensibilityGlobals) = postSolution
		SolutionGuid = {D9CBF810-441E-4B89-9BD7-1D7B2BA5838C}
	EndGlobalSection
EndGlobal
